
Microsoft Visual Studio Solution File, Format Version 10.00
# Visual Studio 2008
Project("{FAE04EC0-301F-11D3-BF4B-00C04F79EFBC}") = "TemporalToolkit", "TemporalToolkit\TemporalToolkit.csproj", "{01CF19CC-DD69-4A6F-95EC-8FF744953EF8}"
EndProject
Project("{FAE04EC0-301F-11D3-BF4B-00C04F79EFBC}") = "TemporalToolkit.Tests", "TemporalToolkit.Tests\TemporalToolkit.Tests.csproj", "{F41D704E-7080-453F-B923-ABE69CC85822}"
EndProject
Project("{2150E333-8FDC-42A3-9474-1A3956D46DE8}") = "Solution Items", "Solution Items", "{EE931098-2460-47F1-B5DF-74421103304C}"
EndProject
Global
	GlobalSection(SolutionConfigurationPlatforms) = preSolution
		Debug|Any CPU = Debug|Any CPU
		Release|Any CPU = Release|Any CPU
	EndGlobalSection
	GlobalSection(ProjectConfigurationPlatforms) = postSolution
		{01CF19CC-DD69-4A6F-95EC-8FF744953EF8}.Debug|Any CPU.ActiveCfg = Debug|Any CPU
		{01CF19CC-DD69-4A6F-95EC-8FF744953EF8}.Debug|Any CPU.Build.0 = Debug|Any CPU
		{01CF19CC-DD69-4A6F-95EC-8FF744953EF8}.Release|Any CPU.ActiveCfg = Release|Any CPU
		{01CF19CC-DD69-4A6F-95EC-8FF744953EF8}.Release|Any CPU.Build.0 = Release|Any CPU
		{F41D704E-7080-453F-B923-ABE69CC85822}.Debug|Any CPU.ActiveCfg = Debug|Any CPU
		{F41D704E-7080-453F-B923-ABE69CC85822}.Debug|Any CPU.Build.0 = Debug|Any CPU
		{F41D704E-7080-453F-B923-ABE69CC85822}.Release|Any CPU.ActiveCfg = Release|Any CPU
		{F41D704E-7080-453F-B923-ABE69CC85822}.Release|Any CPU.Build.0 = Release|Any CPU
	EndGlobalSection
	GlobalSection(SolutionProperties) = preSolution
		HideSolutionNode = FALSE
	EndGlobalSection
EndGlobal
